<?xml version="1.0" encoding="UTF-8" standalone="yes" ?>
<CodeBlocks_project_file>
	<FileVersion major="1" minor="6" />
	<Project>
		<Option title="kutuphane1" />
		<Option pch_mode="2" />
		<Option compiler="gcc" />
		<Build>
			<Target title="Debug">
				<Option output="bin/Debug/kutuphane1" prefix_auto="1" extension_auto="1" />
				<Option object_output="obj/Debug/" />
				<Option type="1" />
				<Option compiler="gcc" />
				<Compiler>
					<Add option="-g" />
				</Compiler>
			</Target>
			<Target title="Release">
				<Option output="bin/Release/kutuphane1" prefix_auto="1" extension_auto="1" />
				<Option object_output="obj/Release/" />
				<Option type="1" />
				<Option compiler="gcc" />
				<Compiler>
					<Add option="-O2" />
				</Compiler>
				<Linker>
					<Add option="-s" />
				</Linker>
			</Target>
		</Build>
		<Compiler>
			<Add option="-Wall" />
		</Compiler>
		<Unit filename="bookList.h" />
		<Unit filename="bookRemove.h" />
		<Unit filename="bookSearch.h" />
		<Unit filename="bookUpdate.h" />
		<Unit filename="bookadd.h" />
		<Unit filename="borrowBack.h" />
		<Unit filename="borrowList.h" />
		<Unit filename="getID.h" />
		<Unit filename="header.h" />
		<Unit filename="main.c">
			<Option compilerVar="CC" />
		</Unit>
		<Unit filename="menu.h" />
		<Unit filename="userAdd.h" />
		<Unit filename="userBorrow.h" />
		<Unit filename="userList.h" />
		<Unit filename="userRemove.h" />
		<Unit filename="userSearch.h" />
		<Unit filename="userUpdate.h" />
		<Extensions />
	</Project>
</CodeBlocks_project_file>
